
Microsoft Visual Studio Solution File, Format Version 12.00
# Visual Studio Version 16
VisualStudioVersion = 16.0.30225.117
MinimumVisualStudioVersion = 10.0.40219.1
Project("{FAE04EC0-301F-11D3-BF4B-00C04F79EFBC}") = "DI", "DI\DI.csproj", "{C9084BAF-0320-4FCA-8EF1-4BCF9E9E6A3C}"
EndProject
Global
	GlobalSection(SolutionConfigurationPlatforms) = preSolution
		Debug|Any CPU = Debug|Any CPU
		Release|Any CPU = Release|Any CPU
	EndGlobalSection
	GlobalSection(ProjectConfigurationPlatforms) = postSolution
		{C9084BAF-0320-4FCA-8EF1-4BCF9E9E6A3C}.Debug|Any CPU.ActiveCfg = Debug|Any CPU
		{C9084BAF-0320-4FCA-8EF1-4BCF9E9E6A3C}.Debug|Any CPU.Build.0 = Debug|Any CPU
		{C9084BAF-0320-4FCA-8EF1-4BCF9E9E6A3C}.Release|Any CPU.ActiveCfg = Release|Any CPU
		{C9084BAF-0320-4FCA-8EF1-4BCF9E9E6A3C}.Release|Any CPU.Build.0 = Release|Any CPU
	EndGlobalSection
	GlobalSection(SolutionProperties) = preSolution
		HideSolutionNode = FALSE
	EndGlobalSection
	GlobalSection(ExtensibilityGlobals) = postSolution
		SolutionGuid = {E0C7C3B9-95C8-430E-8EFB-98A6B6C47D7E}
	EndGlobalSection
EndGlobal
